
Microsoft Visual Studio Solution File, Format Version 12.00
# Visual Studio Version 16
VisualStudioVersion = 16.0.31004.235
MinimumVisualStudioVersion = 10.0.40219.1
Project("{9A19103F-16F7-4668-BE54-9A1E7A4F7556}") = "Datatent2.Core", "src\Datatent2.Core\Datatent2.Core.csproj", "{274A0E92-50BE-42D4-A957-E7FDAF3A7FE9}"
EndProject
Project("{2150E333-8FDC-42A3-9474-1A3956D46DE8}") = "src", "src", "{6E673203-4682-4A89-B42B-F4979D3A3CE7}"
EndProject
Project("{2150E333-8FDC-42A3-9474-1A3956D46DE8}") = "bench", "bench", "{9443B3C5-9BEC-4C07-9BCD-EC180CD97F0E}"
EndProject
Project("{9A19103F-16F7-4668-BE54-9A1E7A4F7556}") = "Datatent2.AlgoBench", "bench\Datatent2.AlgoBench\Datatent2.AlgoBench.csproj", "{F6F93C1F-DF5D-4050-9A93-D144B4CCD0F1}"
EndProject
Project("{2150E333-8FDC-42A3-9474-1A3956D46DE8}") = "tests", "tests", "{664813E2-99F5-49A4-A7B5-87B2787B3666}"
EndProject
Project("{9A19103F-16F7-4668-BE54-9A1E7A4F7556}") = "Datatent2.Core.Tests", "tests\Datatent2.Core.Tests\Datatent2.Core.Tests.csproj", "{9154A615-C8DD-44ED-91C6-3932849E658D}"
EndProject
Project("{9A19103F-16F7-4668-BE54-9A1E7A4F7556}") = "Datatent2.CoreBench", "bench\Datatent2.CoreBench\Datatent2.CoreBench.csproj", "{433D130E-C94F-4FC1-A456-343F43C206A7}"
EndProject
Project("{9A19103F-16F7-4668-BE54-9A1E7A4F7556}") = "Datatent2.Console", "src\Datatent2.Console\Datatent2.Console.csproj", "{5AE5654F-64C9-45AD-B891-F0E5B1BA598F}"
EndProject
Project("{9A19103F-16F7-4668-BE54-9A1E7A4F7556}") = "_build", "build\_build.csproj", "{19B3A333-F121-402C-A7FD-68E4EDB951B1}"
EndProject
Project("{2150E333-8FDC-42A3-9474-1A3956D46DE8}") = "Solution Items", "Solution Items", "{9D4B3B79-B07E-4F70-89F4-E911ABF68836}"
	ProjectSection(SolutionItems) = preProject
		CHANGELOG.md = CHANGELOG.md
		GitVersion.yml = GitVersion.yml
		LICENSE.txt = LICENSE.txt
		README.md = README.md
	EndProjectSection
EndProject
Project("{9A19103F-16F7-4668-BE54-9A1E7A4F7556}") = "Datatent2.Contracts", "src\Datatent2.Contracts\Datatent2.Contracts.csproj", "{D675BD6B-C14D-4E53-B4BD-5463BA141EF1}"
EndProject
Project("{2150E333-8FDC-42A3-9474-1A3956D46DE8}") = "plugins", "plugins", "{3F00CBEC-57ED-46E6-833D-1356A8A14288}"
EndProject
Project("{9A19103F-16F7-4668-BE54-9A1E7A4F7556}") = "Datatent2.Plugins.Compression", "src\plugins\Datatent2.Plugins.Compression\Datatent2.Plugins.Compression.csproj", "{D2919BBE-C280-4E85-9D86-FCF2B4AF530A}"
EndProject
Project("{9A19103F-16F7-4668-BE54-9A1E7A4F7556}") = "Datatent2.Plugins.Scripting", "src\plugins\Datatent2.Plugins.Scripting\Datatent2.Plugins.Scripting.csproj", "{BD98EF47-A17C-43F4-A340-72523BB067B7}"
EndProject
Global
	GlobalSection(SolutionConfigurationPlatforms) = preSolution
		Debug|Any CPU = Debug|Any CPU
		Release|Any CPU = Release|Any CPU
	EndGlobalSection
	GlobalSection(ProjectConfigurationPlatforms) = postSolution
		{274A0E92-50BE-42D4-A957-E7FDAF3A7FE9}.Debug|Any CPU.ActiveCfg = Debug|Any CPU
		{274A0E92-50BE-42D4-A957-E7FDAF3A7FE9}.Debug|Any CPU.Build.0 = Debug|Any CPU
		{274A0E92-50BE-42D4-A957-E7FDAF3A7FE9}.Release|Any CPU.ActiveCfg = Release|Any CPU
		{274A0E92-50BE-42D4-A957-E7FDAF3A7FE9}.Release|Any CPU.Build.0 = Release|Any CPU
		{F6F93C1F-DF5D-4050-9A93-D144B4CCD0F1}.Debug|Any CPU.ActiveCfg = Debug|Any CPU
		{F6F93C1F-DF5D-4050-9A93-D144B4CCD0F1}.Debug|Any CPU.Build.0 = Debug|Any CPU
		{F6F93C1F-DF5D-4050-9A93-D144B4CCD0F1}.Release|Any CPU.ActiveCfg = Release|Any CPU
		{F6F93C1F-DF5D-4050-9A93-D144B4CCD0F1}.Release|Any CPU.Build.0 = Release|Any CPU
		{9154A615-C8DD-44ED-91C6-3932849E658D}.Debug|Any CPU.ActiveCfg = Debug|Any CPU
		{9154A615-C8DD-44ED-91C6-3932849E658D}.Debug|Any CPU.Build.0 = Debug|Any CPU
		{9154A615-C8DD-44ED-91C6-3932849E658D}.Release|Any CPU.ActiveCfg = Release|Any CPU
		{9154A615-C8DD-44ED-91C6-3932849E658D}.Release|Any CPU.Build.0 = Release|Any CPU
		{433D130E-C94F-4FC1-A456-343F43C206A7}.Debug|Any CPU.ActiveCfg = Debug|Any CPU
		{433D130E-C94F-4FC1-A456-343F43C206A7}.Debug|Any CPU.Build.0 = Debug|Any CPU
		{433D130E-C94F-4FC1-A456-343F43C206A7}.Release|Any CPU.ActiveCfg = Release|Any CPU
		{433D130E-C94F-4FC1-A456-343F43C206A7}.Release|Any CPU.Build.0 = Release|Any CPU
		{5AE5654F-64C9-45AD-B891-F0E5B1BA598F}.Debug|Any CPU.ActiveCfg = Debug|Any CPU
		{5AE5654F-64C9-45AD-B891-F0E5B1BA598F}.Debug|Any CPU.Build.0 = Debug|Any CPU
		{5AE5654F-64C9-45AD-B891-F0E5B1BA598F}.Release|Any CPU.ActiveCfg = Release|Any CPU
		{5AE5654F-64C9-45AD-B891-F0E5B1BA598F}.Release|Any CPU.Build.0 = Release|Any CPU
		{19B3A333-F121-402C-A7FD-68E4EDB951B1}.Debug|Any CPU.ActiveCfg = Debug|Any CPU
		{19B3A333-F121-402C-A7FD-68E4EDB951B1}.Release|Any CPU.ActiveCfg = Release|Any CPU
		{D675BD6B-C14D-4E53-B4BD-5463BA141EF1}.Debug|Any CPU.ActiveCfg = Debug|Any CPU
		{D675BD6B-C14D-4E53-B4BD-5463BA141EF1}.Debug|Any CPU.Build.0 = Debug|Any CPU
		{D675BD6B-C14D-4E53-B4BD-5463BA141EF1}.Release|Any CPU.ActiveCfg = Release|Any CPU
		{D675BD6B-C14D-4E53-B4BD-5463BA141EF1}.Release|Any CPU.Build.0 = Release|Any CPU
		{D2919BBE-C280-4E85-9D86-FCF2B4AF530A}.Debug|Any CPU.ActiveCfg = Debug|Any CPU
		{D2919BBE-C280-4E85-9D86-FCF2B4AF530A}.Debug|Any CPU.Build.0 = Debug|Any CPU
		{D2919BBE-C280-4E85-9D86-FCF2B4AF530A}.Release|Any CPU.ActiveCfg = Release|Any CPU
		{D2919BBE-C280-4E85-9D86-FCF2B4AF530A}.Release|Any CPU.Build.0 = Release|Any CPU
		{BD98EF47-A17C-43F4-A340-72523BB067B7}.Debug|Any CPU.ActiveCfg = Debug|Any CPU
		{BD98EF47-A17C-43F4-A340-72523BB067B7}.Debug|Any CPU.Build.0 = Debug|Any CPU
		{BD98EF47-A17C-43F4-A340-72523BB067B7}.Release|Any CPU.ActiveCfg = Release|Any CPU
		{BD98EF47-A17C-43F4-A340-72523BB067B7}.Release|Any CPU.Build.0 = Release|Any CPU
	EndGlobalSection
	GlobalSection(SolutionProperties) = preSolution
		HideSolutionNode = FALSE
	EndGlobalSection
	GlobalSection(NestedProjects) = preSolution
		{274A0E92-50BE-42D4-A957-E7FDAF3A7FE9} = {6E673203-4682-4A89-B42B-F4979D3A3CE7}
		{F6F93C1F-DF5D-4050-9A93-D144B4CCD0F1} = {9443B3C5-9BEC-4C07-9BCD-EC180CD97F0E}
		{9154A615-C8DD-44ED-91C6-3932849E658D} = {664813E2-99F5-49A4-A7B5-87B2787B3666}
		{433D130E-C94F-4FC1-A456-343F43C206A7} = {9443B3C5-9BEC-4C07-9BCD-EC180CD97F0E}
		{5AE5654F-64C9-45AD-B891-F0E5B1BA598F} = {6E673203-4682-4A89-B42B-F4979D3A3CE7}
		{D675BD6B-C14D-4E53-B4BD-5463BA141EF1} = {3F00CBEC-57ED-46E6-833D-1356A8A14288}
		{3F00CBEC-57ED-46E6-833D-1356A8A14288} = {6E673203-4682-4A89-B42B-F4979D3A3CE7}
		{D2919BBE-C280-4E85-9D86-FCF2B4AF530A} = {3F00CBEC-57ED-46E6-833D-1356A8A14288}
		{BD98EF47-A17C-43F4-A340-72523BB067B7} = {3F00CBEC-57ED-46E6-833D-1356A8A14288}
	EndGlobalSection
	GlobalSection(ExtensibilityGlobals) = postSolution
		SolutionGuid = {1F86833F-5411-48E6-8983-B0C86A0AB0AB}
	EndGlobalSection
EndGlobal
